// !$*UTF8*$!
{
	archiveVersion = 1;
	classes = {
	};
	objectVersion = 50;
	objects = {

/* Begin PBXBuildFile section */
		9E98968223E9E21A00B02D59 /* Styles.swift in Sources */ = {isa = PBXBuildFile; fileRef = 9E98968123E9E21A00B02D59 /* Styles.swift */; };
		9E9FA1D923E486B0008FEF1C /* Grid.swift in Sources */ = {isa = PBXBuildFile; fileRef = 9E9FA1D823E486B0008FEF1C /* Grid.swift */; };
		9EE5A53E23E1F55F006E7916 /* AppDelegate.swift in Sources */ = {isa = PBXBuildFile; fileRef = 9EE5A53D23E1F55F006E7916 /* AppDelegate.swift */; };
		9EE5A54023E1F55F006E7916 /* SceneDelegate.swift in Sources */ = {isa = PBXBuildFile; fileRef = 9EE5A53F23E1F55F006E7916 /* SceneDelegate.swift */; };
		9EE5A54223E1F55F006E7916 /* ViewController.swift in Sources */ = {isa = PBXBuildFile; fileRef = 9EE5A54123E1F55F006E7916 /* ViewController.swift */; };
		9EE5A54523E1F55F006E7916 /* Main.storyboard in Resources */ = {isa = PBXBuildFile; fileRef = 9EE5A54323E1F55F006E7916 /* Main.storyboard */; };
		9EE5A54723E1F562006E7916 /* Assets.xcassets in Resources */ = {isa = PBXBuildFile; fileRef = 9EE5A54623E1F562006E7916 /* Assets.xcassets */; };
		9EE5A54A23E1F562006E7916 /* LaunchScreen.storyboard in Resources */ = {isa = PBXBuildFile; fileRef = 9EE5A54823E1F562006E7916 /* LaunchScreen.storyboard */; };
		9EE5A55323E1F5C0006E7916 /* ModelCard.swift in Sources */ = {isa = PBXBuildFile; fileRef = 9EE5A55223E1F5C0006E7916 /* ModelCard.swift */; };
		9EE5A55523E1F5D0006E7916 /* SetGame.swift in Sources */ = {isa = PBXBuildFile; fileRef = 9EE5A55423E1F5D0006E7916 /* SetGame.swift */; };
		9EE5A55723E1FFF6006E7916 /* CardGridView.swift in Sources */ = {isa = PBXBuildFile; fileRef = 9EE5A55623E1FFF6006E7916 /* CardGridView.swift */; };
		9EE5A55923E206E0006E7916 /* CardView.swift in Sources */ = {isa = PBXBuildFile; fileRef = 9EE5A55823E206E0006E7916 /* CardView.swift */; };
		9EED355D23E3574F0083A866 /* ShapeView.swift in Sources */ = {isa = PBXBuildFile; fileRef = 9EED355C23E3574F0083A866 /* ShapeView.swift */; };
/* End PBXBuildFile section */

/* Begin PBXFileReference section */
		9E98968123E9E21A00B02D59 /* Styles.swift */ = {isa = PBXFileReference; lastKnownFileType = sourcecode.swift; path = Styles.swift; sourceTree = "<group>"; };
		9E9FA1D823E486B0008FEF1C /* Grid.swift */ = {isa = PBXFileReference; fileEncoding = 4; lastKnownFileType = sourcecode.swift; path = Grid.swift; sourceTree = "<group>"; };
		9EE5A53A23E1F55F006E7916 /* Animated Set.app */ = {isa = PBXFileReference; explicitFileType = wrapper.application; includeInIndex = 0; path = "Animated Set.app"; sourceTree = BUILT_PRODUCTS_DIR; };
		9EE5A53D23E1F55F006E7916 /* AppDelegate.swift */ = {isa = PBXFileReference; lastKnownFileType = sourcecode.swift; path = AppDelegate.swift; sourceTree = "<group>"; };
		9EE5A53F23E1F55F006E7916 /* SceneDelegate.swift */ = {isa = PBXFileReference; lastKnownFileType = sourcecode.swift; path = SceneDelegate.swift; sourceTree = "<group>"; };
		9EE5A54123E1F55F006E7916 /* ViewController.swift */ = {isa = PBXFileReference; lastKnownFileType = sourcecode.swift; path = ViewController.swift; sourceTree = "<group>"; };
		9EE5A54423E1F55F006E7916 /* Base */ = {isa = PBXFileReference; lastKnownFileType = file.storyboard; name = Base; path = Base.lproj/Main.storyboard; sourceTree = "<group>"; };
		9EE5A54623E1F562006E7916 /* Assets.xcassets */ = {isa = PBXFileReference; lastKnownFileType = folder.assetcatalog; path = Assets.xcassets; sourceTree = "<group>"; };
		9EE5A54923E1F562006E7916 /* Base */ = {isa = PBXFileReference; lastKnownFileType = file.storyboard; name = Base; path = Base.lproj/LaunchScreen.storyboard; sourceTree = "<group>"; };
		9EE5A54B23E1F562006E7916 /* Info.plist */ = {isa = PBXFileReference; lastKnownFileType = text.plist.xml; path = Info.plist; sourceTree = "<group>"; };
		9EE5A55223E1F5C0006E7916 /* ModelCard.swift */ = {isa = PBXFileReference; lastKnownFileType = sourcecode.swift; path = ModelCard.swift; sourceTree = "<group>"; };
		9EE5A55423E1F5D0006E7916 /* SetGame.swift */ = {isa = PBXFileReference; lastKnownFileType = sourcecode.swift; path = SetGame.swift; sourceTree = "<group>"; };
		9EE5A55623E1FFF6006E7916 /* CardGridView.swift */ = {isa = PBXFileReference; lastKnownFileType = sourcecode.swift; path = CardGridView.swift; sourceTree = "<group>"; };
		9EE5A55823E206E0006E7916 /* CardView.swift */ = {isa = PBXFileReference; lastKnownFileType = sourcecode.swift; path = CardView.swift; sourceTree = "<group>"; };
		9EED355C23E3574F0083A866 /* ShapeView.swift */ = {isa = PBXFileReference; lastKnownFileType = sourcecode.swift; path = ShapeView.swift; sourceTree = "<group>"; };
/* End PBXFileReference section */

/* Begin PBXFrameworksBuildPhase section */
		9EE5A53723E1F55F006E7916 /* Frameworks */ = {
			isa = PBXFrameworksBuildPhase;
			buildActionMask = 2147483647;
			files = (
			);
			runOnlyForDeploymentPostprocessing = 0;
		};
/* End PBXFrameworksBuildPhase section */

/* Begin PBXGroup section */
		9EE5A53123E1F55F006E7916 = {
			isa = PBXGroup;
			children = (
				9EE5A53C23E1F55F006E7916 /* Graphical Set */,
				9EE5A53B23E1F55F006E7916 /* Products */,
			);
			sourceTree = "<group>";
		};
		9EE5A53B23E1F55F006E7916 /* Products */ = {
			isa = PBXGroup;
			children = (
				9EE5A53A23E1F55F006E7916 /* Animated Set.app */,
			);
			name = Products;
			sourceTree = "<group>";
		};
		9EE5A53C23E1F55F006E7916 /* Graphical Set */ = {
			isa = PBXGroup;
			children = (
				9EE5A55123E1F56E006E7916 /* Supporting Files */,
				9EE5A54123E1F55F006E7916 /* ViewController.swift */,
				9EE5A55623E1FFF6006E7916 /* CardGridView.swift */,
				9EED355C23E3574F0083A866 /* ShapeView.swift */,
				9EE5A55823E206E0006E7916 /* CardView.swift */,
				9EE5A55223E1F5C0006E7916 /* ModelCard.swift */,
				9EE5A55423E1F5D0006E7916 /* SetGame.swift */,
				9E9FA1D823E486B0008FEF1C /* Grid.swift */,
				9EE5A54323E1F55F006E7916 /* Main.storyboard */,
				9E98968123E9E21A00B02D59 /* Styles.swift */,
				9EE5A54623E1F562006E7916 /* Assets.xcassets */,
				9EE5A54B23E1F562006E7916 /* Info.plist */,
			);
			path = "Graphical Set";
			sourceTree = "<group>";
		};
		9EE5A55123E1F56E006E7916 /* Supporting Files */ = {
			isa = PBXGroup;
			children = (
				9EE5A53D23E1F55F006E7916 /* AppDelegate.swift */,
				9EE5A53F23E1F55F006E7916 /* SceneDelegate.swift */,
				9EE5A54823E1F562006E7916 /* LaunchScreen.storyboard */,
			);
			path = "Supporting Files";
			sourceTree = "<group>";
		};
/* End PBXGroup section */

/* Begin PBXNativeTarget section */
		9EE5A53923E1F55F006E7916 /* Animated Set */ = {
			isa = PBXNativeTarget;
			buildConfigurationList = 9EE5A54E23E1F562006E7916 /* Build configuration list for PBXNativeTarget "Animated Set" */;
			buildPhases = (
				9EE5A53623E1F55F006E7916 /* Sources */,
				9EE5A53723E1F55F006E7916 /* Frameworks */,
				9EE5A53823E1F55F006E7916 /* Resources */,
			);
			buildRules = (
			);
			dependencies = (
			);
			name = "Animated Set";
			productName = "Graphical Set";
			productReference = 9EE5A53A23E1F55F006E7916 /* Animated Set.app */;
			productType = "com.apple.product-type.application";
		};
/* End PBXNativeTarget section */

/* Begin PBXProject section */
		9EE5A53223E1F55F006E7916 /* Project object */ = {
			isa = PBXProject;
			attributes = {
				LastSwiftUpdateCheck = 1130;
				LastUpgradeCheck = 1130;
				ORGANIZATIONNAME = SebastianMalm;
				TargetAttributes = {
					9EE5A53923E1F55F006E7916 = {
						CreatedOnToolsVersion = 11.3.1;
					};
				};
			};
			buildConfigurationList = 9EE5A53523E1F55F006E7916 /* Build configuration list for PBXProject "Animated Set" */;
			compatibilityVersion = "Xcode 9.3";
			developmentRegion = en;
			hasScannedForEncodings = 0;
			knownRegions = (
				en,
				Base,
			);
			mainGroup = 9EE5A53123E1F55F006E7916;
			productRefGroup = 9EE5A53B23E1F55F006E7916 /* Products */;
			projectDirPath = "";
			projectRoot = "";
			targets = (
				9EE5A53923E1F55F006E7916 /* Animated Set */,
			);
		};
/* End PBXProject section */

/* Begin PBXResourcesBuildPhase section */
		9EE5A53823E1F55F006E7916 /* Resources */ = {
			isa = PBXResourcesBuildPhase;
			buildActionMask = 2147483647;
			files = (
				9EE5A54A23E1F562006E7916 /* LaunchScreen.storyboard in Resources */,
				9EE5A54723E1F562006E7916 /* Assets.xcassets in Resources */,
				9EE5A54523E1F55F006E7916 /* Main.storyboard in Resources */,
			);
			runOnlyForDeploymentPostprocessing = 0;
		};
/* End PBXResourcesBuildPhase section */

/* Begin PBXSourcesBuildPhase section */
		9EE5A53623E1F55F006E7916 /* Sources */ = {
			isa = PBXSourcesBuildPhase;
			buildActionMask = 2147483647;
			files = (
				9EE5A55923E206E0006E7916 /* CardView.swift in Sources */,
				9E98968223E9E21A00B02D59 /* Styles.swift in Sources */,
				9EE5A54223E1F55F006E7916 /* ViewController.swift in Sources */,
				9EE5A53E23E1F55F006E7916 /* AppDelegate.swift in Sources */,
				9EE5A55523E1F5D0006E7916 /* SetGame.swift in Sources */,
				9EE5A54023E1F55F006E7916 /* SceneDelegate.swift in Sources */,
				9EED355D23E3574F0083A866 /* ShapeView.swift in Sources */,
				9EE5A55723E1FFF6006E7916 /* CardGridView.swift in Sources */,
				9EE5A55323E1F5C0006E7916 /* ModelCard.swift in Sources */,
				9E9FA1D923E486B0008FEF1C /* Grid.swift in Sources */,
			);
			runOnlyForDeploymentPostprocessing = 0;
		};
/* End PBXSourcesBuildPhase section */

/* Begin PBXVariantGroup section */
		9EE5A54323E1F55F006E7916 /* Main.storyboard */ = {
			isa = PBXVariantGroup;
			children = (
				9EE5A54423E1F55F006E7916 /* Base */,
			);
			name = Main.storyboard;
			sourceTree = "<group>";
		};
		9EE5A54823E1F562006E7916 /* LaunchScreen.storyboard */ = {
			isa = PBXVariantGroup;
			children = (
				9EE5A54923E1F562006E7916 /* Base */,
			);
			name = LaunchScreen.storyboard;
			sourceTree = "<group>";
		};
/* End PBXVariantGroup section */

/* Begin XCBuildConfiguration section */
		9EE5A54C23E1F562006E7916 /* Debug */ = {
			isa = XCBuildConfiguration;
			buildSettings = {
				ALWAYS_SEARCH_USER_PATHS = NO;
				CLANG_ANALYZER_NONNULL = YES;
				CLANG_ANALYZER_NUMBER_OBJECT_CONVERSION = YES_AGGRESSIVE;
				CLANG_CXX_LANGUAGE_STANDARD = "gnu++14";
				CLANG_CXX_LIBRARY = "libc++";
				CLANG_ENABLE_MODULES = YES;
				CLANG_ENABLE_OBJC_ARC = YES;
				CLANG_ENABLE_OBJC_WEAK = YES;
				CLANG_WARN_BLOCK_CAPTURE_AUTORELEASING = YES;
				CLANG_WARN_BOOL_CONVERSION = YES;
				CLANG_WARN_COMMA = YES;
				CLANG_WARN_CONSTANT_CONVERSION = YES;
				CLANG_WARN_DEPRECATED_OBJC_IMPLEMENTATIONS = YES;
				CLANG_WARN_DIRECT_OBJC_ISA_USAGE = YES_ERROR;
				CLANG_WARN_DOCUMENTATION_COMMENTS = YES;
				CLANG_WARN_EMPTY_BODY = YES;
				CLANG_WARN_ENUM_CONVERSION = YES;
				CLANG_WARN_INFINITE_RECURSION = YES;
				CLANG_WARN_INT_CONVERSION = YES;
				CLANG_WARN_NON_LITERAL_NULL_CONVERSION = YES;
				CLANG_WARN_OBJC_IMPLICIT_RETAIN_SELF = YES;
				CLANG_WARN_OBJC_LITERAL_CONVERSION = YES;
				CLANG_WARN_OBJC_ROOT_CLASS = YES_ERROR;
				CLANG_WARN_RANGE_LOOP_ANALYSIS = YES;
				CLANG_WARN_STRICT_PROTOTYPES = YES;
				CLANG_WARN_SUSPICIOUS_MOVE = YES;
				CLANG_WARN_UNGUARDED_AVAILABILITY = YES_AGGRESSIVE;
				CLANG_WARN_UNREACHABLE_CODE = YES;
				CLANG_WARN__DUPLICATE_METHOD_MATCH = YES;
				COPY_PHASE_STRIP = NO;
				DEBUG_INFORMATION_FORMAT = dwarf;
				ENABLE_STRICT_OBJC_MSGSEND = YES;
				ENABLE_TESTABILITY = YES;
				GCC_C_LANGUAGE_STANDARD = gnu11;
				GCC_DYNAMIC_NO_PIC = NO;
				GCC_NO_COMMON_BLOCKS = YES;
				GCC_OPTIMIZATION_LEVEL = 0;
				GCC_PREPROCESSOR_DEFINITIONS = (
					"DEBUG=1",
					"$(inherited)",
				);
				GCC_WARN_64_TO_32_BIT_CONVERSION = YES;
				GCC_WARN_ABOUT_RETURN_TYPE = YES_ERROR;
				GCC_WARN_UNDECLARED_SELECTOR = YES;
				GCC_WARN_UNINITIALIZED_AUTOS = YES_AGGRESSIVE;
				GCC_WARN_UNUSED_FUNCTION = YES;
				GCC_WARN_UNUSED_VARIABLE = YES;
				IPHONEOS_DEPLOYMENT_TARGET = 13.2;
				MTL_ENABLE_DEBUG_INFO = INCLUDE_SOURCE;
				MTL_FAST_MATH = YES;
				ONLY_ACTIVE_ARCH = YES;
				SDKROOT = iphoneos;
				SWIFT_ACTIVE_COMPILATION_CONDITIONS = DEBUG;
				SWIFT_OPTIMIZATION_LEVEL = "-Onone";
			};
			name = Debug;
		};
		9EE5A54D23E1F562006E7916 /* Release */ = {
			isa = XCBuildConfiguration;
			buildSettings = {
				ALWAYS_SEARCH_USER_PATHS = NO;
				CLANG_ANALYZER_NONNULL = YES;
				CLANG_ANALYZER_NUMBER_OBJECT_CONVERSION = YES_AGGRESSIVE;
				CLANG_CXX_LANGUAGE_STANDARD = "gnu++14";
				CLANG_CXX_LIBRARY = "libc++";
				CLANG_ENABLE_MODULES = YES;
				CLANG_ENABLE_OBJC_ARC = YES;
				CLANG_ENABLE_OBJC_WEAK = YES;
				CLANG_WARN_BLOCK_CAPTURE_AUTORELEASING = YES;
				CLANG_WARN_BOOL_CONVERSION = YES;
				CLANG_WARN_COMMA = YES;
				CLANG_WARN_CONSTANT_CONVERSION = YES;
				CLANG_WARN_DEPRECATED_OBJC_IMPLEMENTATIONS = YES;
				CLANG_WARN_DIRECT_OBJC_ISA_USAGE = YES_ERROR;
				CLANG_WARN_DOCUMENTATION_COMMENTS = YES;
				CLANG_WARN_EMPTY_BODY = YES;
				CLANG_WARN_ENUM_CONVERSION = YES;
				CLANG_WARN_INFINITE_RECURSION = YES;
				CLANG_WARN_INT_CONVERSION = YES;
				CLANG_WARN_NON_LITERAL_NULL_CONVERSION = YES;
				CLANG_WARN_OBJC_IMPLICIT_RETAIN_SELF = YES;
				CLANG_WARN_OBJC_LITERAL_CONVERSION = YES;
				CLANG_WARN_OBJC_ROOT_CLASS = YES_ERROR;
				CLANG_WARN_RANGE_LOOP_ANALYSIS = YES;
				CLANG_WARN_STRICT_PROTOTYPES = YES;
				CLANG_WARN_SUSPICIOUS_MOVE = YES;
				CLANG_WARN_UNGUARDED_AVAILABILITY = YES_AGGRESSIVE;
				CLANG_WARN_UNREACHABLE_CODE = YES;
				CLANG_WARN__DUPLICATE_METHOD_MATCH = YES;
				COPY_PHASE_STRIP = NO;
				DEBUG_INFORMATION_FORMAT = "dwarf-with-dsym";
				ENABLE_NS_ASSERTIONS = NO;
				ENABLE_STRICT_OBJC_MSGSEND = YES;
				GCC_C_LANGUAGE_STANDARD = gnu11;
				GCC_NO_COMMON_BLOCKS = YES;
				GCC_WARN_64_TO_32_BIT_CONVERSION = YES;
				GCC_WARN_ABOUT_RETURN_TYPE = YES_ERROR;
				GCC_WARN_UNDECLARED_SELECTOR = YES;
				GCC_WARN_UNINITIALIZED_AUTOS = YES_AGGRESSIVE;
				GCC_WARN_UNUSED_FUNCTION = YES;
				GCC_WARN_UNUSED_VARIABLE = YES;
				IPHONEOS_DEPLOYMENT_TARGET = 13.2;
				MTL_ENABLE_DEBUG_INFO = NO;
				MTL_FAST_MATH = YES;
				SDKROOT = iphoneos;
				SWIFT_COMPILATION_MODE = wholemodule;
				SWIFT_OPTIMIZATION_LEVEL = "-O";
				VALIDATE_PRODUCT = YES;
			};
			name = Release;
		};
		9EE5A54F23E1F562006E7916 /* Debug */ = {
			isa = XCBuildConfiguration;
			buildSettings = {
				ASSETCATALOG_COMPILER_APPICON_NAME = AppIcon;
				CODE_SIGN_STYLE = Automatic;
				DEVELOPMENT_TEAM = TK388M95MH;
				INFOPLIST_FILE = "Graphical Set/Info.plist";
				LD_RUNPATH_SEARCH_PATHS = (
					"$(inherited)",
					"@executable_path/Frameworks",
				);
				PRODUCT_BUNDLE_IDENTIFIER = "com.SebastianMalm.Graphical-Set";
				PRODUCT_NAME = "Animated Set";
				SWIFT_VERSION = 5.0;
				TARGETED_DEVICE_FAMILY = "1,2";
			};
			name = Debug;
		};
		9EE5A55023E1F562006E7916 /* Release */ = {
			isa = XCBuildConfiguration;
			buildSettings = {
				ASSETCATALOG_COMPILER_APPICON_NAME = AppIcon;
				CODE_SIGN_STYLE = Automatic;
				DEVELOPMENT_TEAM = TK388M95MH;
				INFOPLIST_FILE = "Graphical Set/Info.plist";
				LD_RUNPATH_SEARCH_PATHS = (
					"$(inherited)",
					"@executable_path/Frameworks",
				);
				PRODUCT_BUNDLE_IDENTIFIER = "com.SebastianMalm.Graphical-Set";
				PRODUCT_NAME = "Animated Set";
				SWIFT_VERSION = 5.0;
				TARGETED_DEVICE_FAMILY = "1,2";
			};
			name = Release;
		};
/* End XCBuildConfiguration section */

/* Begin XCConfigurationList section */
		9EE5A53523E1F55F006E7916 /* Build configuration list for PBXProject "Animated Set" */ = {
			isa = XCConfigurationList;
			buildConfigurations = (
				9EE5A54C23E1F562006E7916 /* Debug */,
				9EE5A54D23E1F562006E7916 /* Release */,
			);
			defaultConfigurationIsVisible = 0;
			defaultConfigurationName = Release;
		};
		9EE5A54E23E1F562006E7916 /* Build configuration list for PBXNativeTarget "Animated Set" */ = {
			isa = XCConfigurationList;
			buildConfigurations = (
				9EE5A54F23E1F562006E7916 /* Debug */,
				9EE5A55023E1F562006E7916 /* Release */,
			);
			defaultConfigurationIsVisible = 0;
			defaultConfigurationName = Release;
		};
/* End XCConfigurationList section */
	};
	rootObject = 9EE5A53223E1F55F006E7916 /* Project object */;
}
